
Microsoft Visual Studio Solution File, Format Version 12.00
# Visual Studio 2013
VisualStudioVersion = 12.0.40629.0
MinimumVisualStudioVersion = 10.0.40219.1
Project("{FAE04EC0-301F-11D3-BF4B-00C04F79EFBC}") = "CoffeeApiClient.ClientApi", "CoffeeApiClient.ClientApi\CoffeeApiClient.ClientApi.csproj", "{167CC4C0-A114-4A20-9DA8-A5F5224CE84B}"
EndProject
Project("{FAE04EC0-301F-11D3-BF4B-00C04F79EFBC}") = "CoffeeApiClient.ClientApiTest", "CoffeeApiClient.ClientApiTest\CoffeeApiClient.ClientApiTest.csproj", "{DDDD8BC7-1201-476A-8189-DD15EE409BD5}"
EndProject
Project("{FAE04EC0-301F-11D3-BF4B-00C04F79EFBC}") = "CoffeeApiClient.Demo", "CoffeeApiClient.Demo\CoffeeApiClient.Demo.csproj", "{E3A0D3BA-2067-4F6B-AEDE-8D3260B2BFEF}"
EndProject
Global
	GlobalSection(SolutionConfigurationPlatforms) = preSolution
		Debug|Any CPU = Debug|Any CPU
		Release|Any CPU = Release|Any CPU
	EndGlobalSection
	GlobalSection(ProjectConfigurationPlatforms) = postSolution
		{167CC4C0-A114-4A20-9DA8-A5F5224CE84B}.Debug|Any CPU.ActiveCfg = Debug|Any CPU
		{167CC4C0-A114-4A20-9DA8-A5F5224CE84B}.Debug|Any CPU.Build.0 = Debug|Any CPU
		{167CC4C0-A114-4A20-9DA8-A5F5224CE84B}.Release|Any CPU.ActiveCfg = Release|Any CPU
		{167CC4C0-A114-4A20-9DA8-A5F5224CE84B}.Release|Any CPU.Build.0 = Release|Any CPU
		{DDDD8BC7-1201-476A-8189-DD15EE409BD5}.Debug|Any CPU.ActiveCfg = Debug|Any CPU
		{DDDD8BC7-1201-476A-8189-DD15EE409BD5}.Debug|Any CPU.Build.0 = Debug|Any CPU
		{DDDD8BC7-1201-476A-8189-DD15EE409BD5}.Release|Any CPU.ActiveCfg = Release|Any CPU
		{DDDD8BC7-1201-476A-8189-DD15EE409BD5}.Release|Any CPU.Build.0 = Release|Any CPU
		{E3A0D3BA-2067-4F6B-AEDE-8D3260B2BFEF}.Debug|Any CPU.ActiveCfg = Debug|Any CPU
		{E3A0D3BA-2067-4F6B-AEDE-8D3260B2BFEF}.Debug|Any CPU.Build.0 = Debug|Any CPU
		{E3A0D3BA-2067-4F6B-AEDE-8D3260B2BFEF}.Release|Any CPU.ActiveCfg = Release|Any CPU
		{E3A0D3BA-2067-4F6B-AEDE-8D3260B2BFEF}.Release|Any CPU.Build.0 = Release|Any CPU
	EndGlobalSection
	GlobalSection(SolutionProperties) = preSolution
		HideSolutionNode = FALSE
	EndGlobalSection
EndGlobal
