
Microsoft Visual Studio Solution File, Format Version 12.00
# Visual Studio 2013
VisualStudioVersion = 12.0.40629.0
MinimumVisualStudioVersion = 10.0.40219.1
Project("{FAE04EC0-301F-11D3-BF4B-00C04F79EFBC}") = "CoffeeManager.Contracts", "CoffeeManager.Contracts\CoffeeManager.Contracts.csproj", "{EC730AC3-B68F-41FD-9C94-DBAB5B42AE27}"
EndProject
Project("{FAE04EC0-301F-11D3-BF4B-00C04F79EFBC}") = "CoffeeManager.Domain", "CoffeeManager.Domain\CoffeeManager.Domain.csproj", "{43BBD7E2-CEB5-4C2A-BDFE-107539007688}"
EndProject
Project("{FAE04EC0-301F-11D3-BF4B-00C04F79EFBC}") = "CoffeeManager.Test", "CoffeeManager.Test\CoffeeManager.Test.csproj", "{81936577-A5AB-4AD6-A019-F5C58F5EDFE0}"
EndProject
Project("{FAE04EC0-301F-11D3-BF4B-00C04F79EFBC}") = "CoffeeManager.Api", "CoffeeManager.Api\CoffeeManager.Api.csproj", "{684431B3-D012-4C3B-BB66-EAE21F89B086}"
EndProject
Project("{FAE04EC0-301F-11D3-BF4B-00C04F79EFBC}") = "CoffeeManager.View", "CoffeeManager.View\CoffeeManager.View.csproj", "{2015E18F-29FF-4B21-ABF3-D0148AF99205}"
EndProject
Project("{2150E333-8FDC-42A3-9474-1A3956D46DE8}") = "Solution Items", "Solution Items", "{CB27C802-2A42-4BD0-9FB0-2C5030555F4D}"
	ProjectSection(SolutionItems) = preProject
		Page.html = Page.html
	EndProjectSection
EndProject
Global
	GlobalSection(SolutionConfigurationPlatforms) = preSolution
		Debug|Any CPU = Debug|Any CPU
		Release|Any CPU = Release|Any CPU
	EndGlobalSection
	GlobalSection(ProjectConfigurationPlatforms) = postSolution
		{EC730AC3-B68F-41FD-9C94-DBAB5B42AE27}.Debug|Any CPU.ActiveCfg = Debug|Any CPU
		{EC730AC3-B68F-41FD-9C94-DBAB5B42AE27}.Debug|Any CPU.Build.0 = Debug|Any CPU
		{EC730AC3-B68F-41FD-9C94-DBAB5B42AE27}.Release|Any CPU.ActiveCfg = Release|Any CPU
		{EC730AC3-B68F-41FD-9C94-DBAB5B42AE27}.Release|Any CPU.Build.0 = Release|Any CPU
		{43BBD7E2-CEB5-4C2A-BDFE-107539007688}.Debug|Any CPU.ActiveCfg = Debug|Any CPU
		{43BBD7E2-CEB5-4C2A-BDFE-107539007688}.Debug|Any CPU.Build.0 = Debug|Any CPU
		{43BBD7E2-CEB5-4C2A-BDFE-107539007688}.Release|Any CPU.ActiveCfg = Release|Any CPU
		{43BBD7E2-CEB5-4C2A-BDFE-107539007688}.Release|Any CPU.Build.0 = Release|Any CPU
		{81936577-A5AB-4AD6-A019-F5C58F5EDFE0}.Debug|Any CPU.ActiveCfg = Debug|Any CPU
		{81936577-A5AB-4AD6-A019-F5C58F5EDFE0}.Debug|Any CPU.Build.0 = Debug|Any CPU
		{81936577-A5AB-4AD6-A019-F5C58F5EDFE0}.Release|Any CPU.ActiveCfg = Release|Any CPU
		{81936577-A5AB-4AD6-A019-F5C58F5EDFE0}.Release|Any CPU.Build.0 = Release|Any CPU
		{684431B3-D012-4C3B-BB66-EAE21F89B086}.Debug|Any CPU.ActiveCfg = Debug|Any CPU
		{684431B3-D012-4C3B-BB66-EAE21F89B086}.Debug|Any CPU.Build.0 = Debug|Any CPU
		{684431B3-D012-4C3B-BB66-EAE21F89B086}.Release|Any CPU.ActiveCfg = Release|Any CPU
		{684431B3-D012-4C3B-BB66-EAE21F89B086}.Release|Any CPU.Build.0 = Release|Any CPU
		{2015E18F-29FF-4B21-ABF3-D0148AF99205}.Debug|Any CPU.ActiveCfg = Debug|Any CPU
		{2015E18F-29FF-4B21-ABF3-D0148AF99205}.Debug|Any CPU.Build.0 = Debug|Any CPU
		{2015E18F-29FF-4B21-ABF3-D0148AF99205}.Release|Any CPU.ActiveCfg = Release|Any CPU
		{2015E18F-29FF-4B21-ABF3-D0148AF99205}.Release|Any CPU.Build.0 = Release|Any CPU
	EndGlobalSection
	GlobalSection(SolutionProperties) = preSolution
		HideSolutionNode = FALSE
	EndGlobalSection
EndGlobal
