
Microsoft Visual Studio Solution File, Format Version 12.00
# Visual Studio 14
VisualStudioVersion = 14.0.25420.1
MinimumVisualStudioVersion = 10.0.40219.1
Project("{FAE04EC0-301F-11D3-BF4B-00C04F79EFBC}") = "AlbumWebApplication.API", "AlbumWebApplication.API\AlbumWebApplication.API.csproj", "{960261F4-988C-4117-8A85-F63BF0B67D98}"
EndProject
Project("{FAE04EC0-301F-11D3-BF4B-00C04F79EFBC}") = "AlbumWebApplication.View", "AlbumWebApplication.View\AlbumWebApplication.View.csproj", "{FC5390AB-2E6F-46B4-85CD-A0522B6F159F}"
EndProject
Project("{FAE04EC0-301F-11D3-BF4B-00C04F79EFBC}") = "AlbumWebApplication.Contracts", "AlbumWebApplication.Contracts\AlbumWebApplication.Contracts.csproj", "{2B6BB7A9-5EE4-4900-9705-84EF7AF7ECC5}"
EndProject
Project("{FAE04EC0-301F-11D3-BF4B-00C04F79EFBC}") = "AlbumWebApplication.Domain", "AlbumWebApplication.Domain\AlbumWebApplication.Domain.csproj", "{9676F7D9-A3A6-4826-A454-9C892904436E}"
EndProject
Global
	GlobalSection(SolutionConfigurationPlatforms) = preSolution
		Debug|Any CPU = Debug|Any CPU
		Release|Any CPU = Release|Any CPU
	EndGlobalSection
	GlobalSection(ProjectConfigurationPlatforms) = postSolution
		{960261F4-988C-4117-8A85-F63BF0B67D98}.Debug|Any CPU.ActiveCfg = Debug|Any CPU
		{960261F4-988C-4117-8A85-F63BF0B67D98}.Debug|Any CPU.Build.0 = Debug|Any CPU
		{960261F4-988C-4117-8A85-F63BF0B67D98}.Release|Any CPU.ActiveCfg = Release|Any CPU
		{960261F4-988C-4117-8A85-F63BF0B67D98}.Release|Any CPU.Build.0 = Release|Any CPU
		{FC5390AB-2E6F-46B4-85CD-A0522B6F159F}.Debug|Any CPU.ActiveCfg = Debug|Any CPU
		{FC5390AB-2E6F-46B4-85CD-A0522B6F159F}.Debug|Any CPU.Build.0 = Debug|Any CPU
		{FC5390AB-2E6F-46B4-85CD-A0522B6F159F}.Release|Any CPU.ActiveCfg = Release|Any CPU
		{FC5390AB-2E6F-46B4-85CD-A0522B6F159F}.Release|Any CPU.Build.0 = Release|Any CPU
		{2B6BB7A9-5EE4-4900-9705-84EF7AF7ECC5}.Debug|Any CPU.ActiveCfg = Debug|Any CPU
		{2B6BB7A9-5EE4-4900-9705-84EF7AF7ECC5}.Debug|Any CPU.Build.0 = Debug|Any CPU
		{2B6BB7A9-5EE4-4900-9705-84EF7AF7ECC5}.Release|Any CPU.ActiveCfg = Release|Any CPU
		{2B6BB7A9-5EE4-4900-9705-84EF7AF7ECC5}.Release|Any CPU.Build.0 = Release|Any CPU
		{9676F7D9-A3A6-4826-A454-9C892904436E}.Debug|Any CPU.ActiveCfg = Debug|Any CPU
		{9676F7D9-A3A6-4826-A454-9C892904436E}.Debug|Any CPU.Build.0 = Debug|Any CPU
		{9676F7D9-A3A6-4826-A454-9C892904436E}.Release|Any CPU.ActiveCfg = Release|Any CPU
		{9676F7D9-A3A6-4826-A454-9C892904436E}.Release|Any CPU.Build.0 = Release|Any CPU
	EndGlobalSection
	GlobalSection(SolutionProperties) = preSolution
		HideSolutionNode = FALSE
	EndGlobalSection
EndGlobal
