
Microsoft Visual Studio Solution File, Format Version 12.00
# Visual Studio 14
VisualStudioVersion = 14.0.25420.1
MinimumVisualStudioVersion = 10.0.40219.1
Project("{FAE04EC0-301F-11D3-BF4B-00C04F79EFBC}") = "BowlingScoreCalculator", "BowlingScoreCalculator\BowlingScoreCalculator.csproj", "{44AC6FBB-20D5-4D97-BF43-0A5091FF1E9B}"
EndProject
Project("{FAE04EC0-301F-11D3-BF4B-00C04F79EFBC}") = "BowlingScoreCalculatorTest", "BowlingScoreCalculatorTest\BowlingScoreCalculatorTest.csproj", "{BF8A91AA-1AB5-40FB-8120-E118A20545C0}"
EndProject
Global
	GlobalSection(SolutionConfigurationPlatforms) = preSolution
		Debug|Any CPU = Debug|Any CPU
		Release|Any CPU = Release|Any CPU
	EndGlobalSection
	GlobalSection(ProjectConfigurationPlatforms) = postSolution
		{44AC6FBB-20D5-4D97-BF43-0A5091FF1E9B}.Debug|Any CPU.ActiveCfg = Debug|Any CPU
		{44AC6FBB-20D5-4D97-BF43-0A5091FF1E9B}.Debug|Any CPU.Build.0 = Debug|Any CPU
		{44AC6FBB-20D5-4D97-BF43-0A5091FF1E9B}.Release|Any CPU.ActiveCfg = Release|Any CPU
		{44AC6FBB-20D5-4D97-BF43-0A5091FF1E9B}.Release|Any CPU.Build.0 = Release|Any CPU
		{BF8A91AA-1AB5-40FB-8120-E118A20545C0}.Debug|Any CPU.ActiveCfg = Debug|Any CPU
		{BF8A91AA-1AB5-40FB-8120-E118A20545C0}.Debug|Any CPU.Build.0 = Debug|Any CPU
		{BF8A91AA-1AB5-40FB-8120-E118A20545C0}.Release|Any CPU.ActiveCfg = Release|Any CPU
		{BF8A91AA-1AB5-40FB-8120-E118A20545C0}.Release|Any CPU.Build.0 = Release|Any CPU
	EndGlobalSection
	GlobalSection(SolutionProperties) = preSolution
		HideSolutionNode = FALSE
	EndGlobalSection
EndGlobal
