
Microsoft Visual Studio Solution File, Format Version 12.00
# Visual Studio 14
VisualStudioVersion = 14.0.25420.1
MinimumVisualStudioVersion = 10.0.40219.1
Project("{FAE04EC0-301F-11D3-BF4B-00C04F79EFBC}") = "API", "API\API.csproj", "{27A5B2C8-FB44-48A9-A377-64AD5696DD6E}"
EndProject
Project("{FAE04EC0-301F-11D3-BF4B-00C04F79EFBC}") = "Application", "Application\Application.csproj", "{B9381C87-0CDF-40A2-82CF-B828F4B1EB59}"
EndProject
Project("{FAE04EC0-301F-11D3-BF4B-00C04F79EFBC}") = "Tests", "Tests\Tests.csproj", "{EC1712B2-D755-4EB9-A1B8-310682A267F7}"
EndProject
Global
	GlobalSection(SolutionConfigurationPlatforms) = preSolution
		Debug|Any CPU = Debug|Any CPU
		Release|Any CPU = Release|Any CPU
	EndGlobalSection
	GlobalSection(ProjectConfigurationPlatforms) = postSolution
		{27A5B2C8-FB44-48A9-A377-64AD5696DD6E}.Debug|Any CPU.ActiveCfg = Debug|Any CPU
		{27A5B2C8-FB44-48A9-A377-64AD5696DD6E}.Debug|Any CPU.Build.0 = Debug|Any CPU
		{27A5B2C8-FB44-48A9-A377-64AD5696DD6E}.Release|Any CPU.ActiveCfg = Release|Any CPU
		{27A5B2C8-FB44-48A9-A377-64AD5696DD6E}.Release|Any CPU.Build.0 = Release|Any CPU
		{B9381C87-0CDF-40A2-82CF-B828F4B1EB59}.Debug|Any CPU.ActiveCfg = Debug|Any CPU
		{B9381C87-0CDF-40A2-82CF-B828F4B1EB59}.Debug|Any CPU.Build.0 = Debug|Any CPU
		{B9381C87-0CDF-40A2-82CF-B828F4B1EB59}.Release|Any CPU.ActiveCfg = Release|Any CPU
		{B9381C87-0CDF-40A2-82CF-B828F4B1EB59}.Release|Any CPU.Build.0 = Release|Any CPU
		{EC1712B2-D755-4EB9-A1B8-310682A267F7}.Debug|Any CPU.ActiveCfg = Debug|Any CPU
		{EC1712B2-D755-4EB9-A1B8-310682A267F7}.Debug|Any CPU.Build.0 = Debug|Any CPU
		{EC1712B2-D755-4EB9-A1B8-310682A267F7}.Release|Any CPU.ActiveCfg = Release|Any CPU
		{EC1712B2-D755-4EB9-A1B8-310682A267F7}.Release|Any CPU.Build.0 = Release|Any CPU
	EndGlobalSection
	GlobalSection(SolutionProperties) = preSolution
		HideSolutionNode = FALSE
	EndGlobalSection
EndGlobal
