
Microsoft Visual Studio Solution File, Format Version 12.00
# Visual Studio 14
VisualStudioVersion = 14.0.25420.1
MinimumVisualStudioVersion = 10.0.40219.1
Project("{FAE04EC0-301F-11D3-BF4B-00C04F79EFBC}") = "Bowling.API", "Bowling.API\Bowling.API.csproj", "{E8F9542E-575F-472B-87E8-CA051F3A9404}"
EndProject
Project("{FAE04EC0-301F-11D3-BF4B-00C04F79EFBC}") = "Bowling.Tests", "Bowling.Tests\Bowling.Tests.csproj", "{4997FDC2-7126-438C-A094-2E6D4D1215E3}"
EndProject
Global
	GlobalSection(SolutionConfigurationPlatforms) = preSolution
		Debug|Any CPU = Debug|Any CPU
		Release|Any CPU = Release|Any CPU
	EndGlobalSection
	GlobalSection(ProjectConfigurationPlatforms) = postSolution
		{E8F9542E-575F-472B-87E8-CA051F3A9404}.Debug|Any CPU.ActiveCfg = Debug|Any CPU
		{E8F9542E-575F-472B-87E8-CA051F3A9404}.Debug|Any CPU.Build.0 = Debug|Any CPU
		{E8F9542E-575F-472B-87E8-CA051F3A9404}.Release|Any CPU.ActiveCfg = Release|Any CPU
		{E8F9542E-575F-472B-87E8-CA051F3A9404}.Release|Any CPU.Build.0 = Release|Any CPU
		{4997FDC2-7126-438C-A094-2E6D4D1215E3}.Debug|Any CPU.ActiveCfg = Debug|Any CPU
		{4997FDC2-7126-438C-A094-2E6D4D1215E3}.Debug|Any CPU.Build.0 = Debug|Any CPU
		{4997FDC2-7126-438C-A094-2E6D4D1215E3}.Release|Any CPU.ActiveCfg = Release|Any CPU
		{4997FDC2-7126-438C-A094-2E6D4D1215E3}.Release|Any CPU.Build.0 = Release|Any CPU
	EndGlobalSection
	GlobalSection(SolutionProperties) = preSolution
		HideSolutionNode = FALSE
	EndGlobalSection
EndGlobal
